// !$*UTF8*$!
{
	archiveVersion = 1;
	classes = {
	};
	objectVersion = 46;
	objects = {

/* Begin PBXBuildFile section */
		83C882BE1E24E32F003D5907 /* AppDelegate.swift in Sources */ = {isa = PBXBuildFile; fileRef = 83C882BD1E24E32F003D5907 /* AppDelegate.swift */; };
		83C882C01E24E32F003D5907 /* Assets.xcassets in Resources */ = {isa = PBXBuildFile; fileRef = 83C882BF1E24E32F003D5907 /* Assets.xcassets */; };
		83C882C31E24E32F003D5907 /* MainMenu.xib in Resources */ = {isa = PBXBuildFile; fileRef = 83C882C11E24E32F003D5907 /* MainMenu.xib */; };
		83C882CE1E24E32F003D5907 /* IndexSetWithTestsTests.swift in Sources */ = {isa = PBXBuildFile; fileRef = 83C882CD1E24E32F003D5907 /* IndexSetWithTestsTests.swift */; };
/* End PBXBuildFile section */

/* Begin PBXContainerItemProxy section */
		83C882CA1E24E32F003D5907 /* PBXContainerItemProxy */ = {
			isa = PBXContainerItemProxy;
			containerPortal = 83C882B21E24E32F003D5907 /* Project object */;
			proxyType = 1;
			remoteGlobalIDString = 83C882B91E24E32F003D5907;
			remoteInfo = IndexSetWithTests;
		};
/* End PBXContainerItemProxy section */

/* Begin PBXFileReference section */
		83C882BA1E24E32F003D5907 /* IndexSetWithTests.app */ = {isa = PBXFileReference; explicitFileType = wrapper.application; includeInIndex = 0; path = IndexSetWithTests.app; sourceTree = BUILT_PRODUCTS_DIR; };
		83C882BD1E24E32F003D5907 /* AppDelegate.swift */ = {isa = PBXFileReference; lastKnownFileType = sourcecode.swift; path = AppDelegate.swift; sourceTree = "<group>"; };
		83C882BF1E24E32F003D5907 /* Assets.xcassets */ = {isa = PBXFileReference; lastKnownFileType = folder.assetcatalog; path = Assets.xcassets; sourceTree = "<group>"; };
		83C882C21E24E32F003D5907 /* Base */ = {isa = PBXFileReference; lastKnownFileType = file.xib; name = Base; path = Base.lproj/MainMenu.xib; sourceTree = "<group>"; };
		83C882C41E24E32F003D5907 /* Info.plist */ = {isa = PBXFileReference; lastKnownFileType = text.plist.xml; path = Info.plist; sourceTree = "<group>"; };
		83C882C91E24E32F003D5907 /* IndexSetWithTestsTests.xctest */ = {isa = PBXFileReference; explicitFileType = wrapper.cfbundle; includeInIndex = 0; path = IndexSetWithTestsTests.xctest; sourceTree = BUILT_PRODUCTS_DIR; };
		83C882CD1E24E32F003D5907 /* IndexSetWithTestsTests.swift */ = {isa = PBXFileReference; lastKnownFileType = sourcecode.swift; path = IndexSetWithTestsTests.swift; sourceTree = "<group>"; };
		83C882CF1E24E32F003D5907 /* Info.plist */ = {isa = PBXFileReference; lastKnownFileType = text.plist.xml; path = Info.plist; sourceTree = "<group>"; };
/* End PBXFileReference section */

/* Begin PBXFrameworksBuildPhase section */
		83C882B71E24E32F003D5907 /* Frameworks */ = {
			isa = PBXFrameworksBuildPhase;
			buildActionMask = 2147483647;
			files = (
			);
			runOnlyForDeploymentPostprocessing = 0;
		};
		83C882C61E24E32F003D5907 /* Frameworks */ = {
			isa = PBXFrameworksBuildPhase;
			buildActionMask = 2147483647;
			files = (
			);
			runOnlyForDeploymentPostprocessing = 0;
		};
/* End PBXFrameworksBuildPhase section */

/* Begin PBXGroup section */
		83C882B11E24E32F003D5907 = {
			isa = PBXGroup;
			children = (
				83C882BC1E24E32F003D5907 /* IndexSetWithTests */,
				83C882CC1E24E32F003D5907 /* IndexSetWithTestsTests */,
				83C882BB1E24E32F003D5907 /* Products */,
			);
			sourceTree = "<group>";
		};
		83C882BB1E24E32F003D5907 /* Products */ = {
			isa = PBXGroup;
			children = (
				83C882BA1E24E32F003D5907 /* IndexSetWithTests.app */,
				83C882C91E24E32F003D5907 /* IndexSetWithTestsTests.xctest */,
			);
			name = Products;
			sourceTree = "<group>";
		};
		83C882BC1E24E32F003D5907 /* IndexSetWithTests */ = {
			isa = PBXGroup;
			children = (
				83C882BD1E24E32F003D5907 /* AppDelegate.swift */,
				83C882BF1E24E32F003D5907 /* Assets.xcassets */,
				83C882C11E24E32F003D5907 /* MainMenu.xib */,
				83C882C41E24E32F003D5907 /* Info.plist */,
			);
			path = IndexSetWithTests;
			sourceTree = "<group>";
		};
		83C882CC1E24E32F003D5907 /* IndexSetWithTestsTests */ = {
			isa = PBXGroup;
			children = (
				83C882CD1E24E32F003D5907 /* IndexSetWithTestsTests.swift */,
				83C882CF1E24E32F003D5907 /* Info.plist */,
			);
			path = IndexSetWithTestsTests;
			sourceTree = "<group>";
		};
/* End PBXGroup section */

/* Begin PBXNativeTarget section */
		83C882B91E24E32F003D5907 /* IndexSetWithTests */ = {
			isa = PBXNativeTarget;
			buildConfigurationList = 83C882D21E24E32F003D5907 /* Build configuration list for PBXNativeTarget "IndexSetWithTests" */;
			buildPhases = (
				83C882B61E24E32F003D5907 /* Sources */,
				83C882B71E24E32F003D5907 /* Frameworks */,
				83C882B81E24E32F003D5907 /* Resources */,
			);
			buildRules = (
			);
			dependencies = (
			);
			name = IndexSetWithTests;
			productName = IndexSetWithTests;
			productReference = 83C882BA1E24E32F003D5907 /* IndexSetWithTests.app */;
			productType = "com.apple.product-type.application";
		};
		83C882C81E24E32F003D5907 /* IndexSetWithTestsTests */ = {
			isa = PBXNativeTarget;
			buildConfigurationList = 83C882D51E24E32F003D5907 /* Build configuration list for PBXNativeTarget "IndexSetWithTestsTests" */;
			buildPhases = (
				83C882C51E24E32F003D5907 /* Sources */,
				83C882C61E24E32F003D5907 /* Frameworks */,
				83C882C71E24E32F003D5907 /* Resources */,
			);
			buildRules = (
			);
			dependencies = (
				83C882CB1E24E32F003D5907 /* PBXTargetDependency */,
			);
			name = IndexSetWithTestsTests;
			productName = IndexSetWithTestsTests;
			productReference = 83C882C91E24E32F003D5907 /* IndexSetWithTestsTests.xctest */;
			productType = "com.apple.product-type.bundle.unit-test";
		};
/* End PBXNativeTarget section */

/* Begin PBXProject section */
		83C882B21E24E32F003D5907 /* Project object */ = {
			isa = PBXProject;
			attributes = {
				LastSwiftUpdateCheck = 0820;
				LastUpgradeCheck = 0820;
				ORGANIZATIONNAME = objc.io;
				TargetAttributes = {
					83C882B91E24E32F003D5907 = {
						CreatedOnToolsVersion = 8.2.1;
						ProvisioningStyle = Automatic;
					};
					83C882C81E24E32F003D5907 = {
						CreatedOnToolsVersion = 8.2.1;
						ProvisioningStyle = Automatic;
						TestTargetID = 83C882B91E24E32F003D5907;
					};
				};
			};
			buildConfigurationList = 83C882B51E24E32F003D5907 /* Build configuration list for PBXProject "IndexSetWithTests" */;
			compatibilityVersion = "Xcode 3.2";
			developmentRegion = English;
			hasScannedForEncodings = 0;
			knownRegions = (
				en,
				Base,
			);
			mainGroup = 83C882B11E24E32F003D5907;
			productRefGroup = 83C882BB1E24E32F003D5907 /* Products */;
			projectDirPath = "";
			projectRoot = "";
			targets = (
				83C882B91E24E32F003D5907 /* IndexSetWithTests */,
				83C882C81E24E32F003D5907 /* IndexSetWithTestsTests */,
			);
		};
/* End PBXProject section */

/* Begin PBXResourcesBuildPhase section */
		83C882B81E24E32F003D5907 /* Resources */ = {
			isa = PBXResourcesBuildPhase;
			buildActionMask = 2147483647;
			files = (
				83C882C01E24E32F003D5907 /* Assets.xcassets in Resources */,
				83C882C31E24E32F003D5907 /* MainMenu.xib in Resources */,
			);
			runOnlyForDeploymentPostprocessing = 0;
		};
		83C882C71E24E32F003D5907 /* Resources */ = {
			isa = PBXResourcesBuildPhase;
			buildActionMask = 2147483647;
			files = (
			);
			runOnlyForDeploymentPostprocessing = 0;
		};
/* End PBXResourcesBuildPhase section */

/* Begin PBXSourcesBuildPhase section */
		83C882B61E24E32F003D5907 /* Sources */ = {
			isa = PBXSourcesBuildPhase;
			buildActionMask = 2147483647;
			files = (
				83C882BE1E24E32F003D5907 /* AppDelegate.swift in Sources */,
			);
			runOnlyForDeploymentPostprocessing = 0;
		};
		83C882C51E24E32F003D5907 /* Sources */ = {
			isa = PBXSourcesBuildPhase;
			buildActionMask = 2147483647;
			files = (
				83C882CE1E24E32F003D5907 /* IndexSetWithTestsTests.swift in Sources */,
			);
			runOnlyForDeploymentPostprocessing = 0;
		};
/* End PBXSourcesBuildPhase section */

/* Begin PBXTargetDependency section */
		83C882CB1E24E32F003D5907 /* PBXTargetDependency */ = {
			isa = PBXTargetDependency;
			target = 83C882B91E24E32F003D5907 /* IndexSetWithTests */;
			targetProxy = 83C882CA1E24E32F003D5907 /* PBXContainerItemProxy */;
		};
/* End PBXTargetDependency section */

/* Begin PBXVariantGroup section */
		83C882C11E24E32F003D5907 /* MainMenu.xib */ = {
			isa = PBXVariantGroup;
			children = (
				83C882C21E24E32F003D5907 /* Base */,
			);
			name = MainMenu.xib;
			sourceTree = "<group>";
		};
/* End PBXVariantGroup section */

/* Begin XCBuildConfiguration section */
		83C882D01E24E32F003D5907 /* Debug */ = {
			isa = XCBuildConfiguration;
			buildSettings = {
				ALWAYS_SEARCH_USER_PATHS = NO;
				CLANG_ANALYZER_NONNULL = YES;
				CLANG_CXX_LANGUAGE_STANDARD = "gnu++0x";
				CLANG_CXX_LIBRARY = "libc++";
				CLANG_ENABLE_MODULES = YES;
				CLANG_ENABLE_OBJC_ARC = YES;
				CLANG_WARN_BOOL_CONVERSION = YES;
				CLANG_WARN_CONSTANT_CONVERSION = YES;
				CLANG_WARN_DIRECT_OBJC_ISA_USAGE = YES_ERROR;
				CLANG_WARN_DOCUMENTATION_COMMENTS = YES;
				CLANG_WARN_EMPTY_BODY = YES;
				CLANG_WARN_ENUM_CONVERSION = YES;
				CLANG_WARN_INFINITE_RECURSION = YES;
				CLANG_WARN_INT_CONVERSION = YES;
				CLANG_WARN_OBJC_ROOT_CLASS = YES_ERROR;
				CLANG_WARN_SUSPICIOUS_MOVE = YES;
				CLANG_WARN_UNREACHABLE_CODE = YES;
				CLANG_WARN__DUPLICATE_METHOD_MATCH = YES;
				CODE_SIGN_IDENTITY = "-";
				COPY_PHASE_STRIP = NO;
				DEBUG_INFORMATION_FORMAT = dwarf;
				ENABLE_STRICT_OBJC_MSGSEND = YES;
				ENABLE_TESTABILITY = YES;
				GCC_C_LANGUAGE_STANDARD = gnu99;
				GCC_DYNAMIC_NO_PIC = NO;
				GCC_NO_COMMON_BLOCKS = YES;
				GCC_OPTIMIZATION_LEVEL = 0;
				GCC_PREPROCESSOR_DEFINITIONS = (
					"DEBUG=1",
					"$(inherited)",
				);
				GCC_WARN_64_TO_32_BIT_CONVERSION = YES;
				GCC_WARN_ABOUT_RETURN_TYPE = YES_ERROR;
				GCC_WARN_UNDECLARED_SELECTOR = YES;
				GCC_WARN_UNINITIALIZED_AUTOS = YES_AGGRESSIVE;
				GCC_WARN_UNUSED_FUNCTION = YES;
				GCC_WARN_UNUSED_VARIABLE = YES;
				MACOSX_DEPLOYMENT_TARGET = 10.12;
				MTL_ENABLE_DEBUG_INFO = YES;
				ONLY_ACTIVE_ARCH = YES;
				SDKROOT = macosx;
				SWIFT_ACTIVE_COMPILATION_CONDITIONS = DEBUG;
				SWIFT_OPTIMIZATION_LEVEL = "-Onone";
			};
			name = Debug;
		};
		83C882D11E24E32F003D5907 /* Release */ = {
			isa = XCBuildConfiguration;
			buildSettings = {
				ALWAYS_SEARCH_USER_PATHS = NO;
				CLANG_ANALYZER_NONNULL = YES;
				CLANG_CXX_LANGUAGE_STANDARD = "gnu++0x";
				CLANG_CXX_LIBRARY = "libc++";
				CLANG_ENABLE_MODULES = YES;
				CLANG_ENABLE_OBJC_ARC = YES;
				CLANG_WARN_BOOL_CONVERSION = YES;
				CLANG_WARN_CONSTANT_CONVERSION = YES;
				CLANG_WARN_DIRECT_OBJC_ISA_USAGE = YES_ERROR;
				CLANG_WARN_DOCUMENTATION_COMMENTS = YES;
				CLANG_WARN_EMPTY_BODY = YES;
				CLANG_WARN_ENUM_CONVERSION = YES;
				CLANG_WARN_INFINITE_RECURSION = YES;
				CLANG_WARN_INT_CONVERSION = YES;
				CLANG_WARN_OBJC_ROOT_CLASS = YES_ERROR;
				CLANG_WARN_SUSPICIOUS_MOVE = YES;
				CLANG_WARN_UNREACHABLE_CODE = YES;
				CLANG_WARN__DUPLICATE_METHOD_MATCH = YES;
				CODE_SIGN_IDENTITY = "-";
				COPY_PHASE_STRIP = NO;
				DEBUG_INFORMATION_FORMAT = "dwarf-with-dsym";
				ENABLE_NS_ASSERTIONS = NO;
				ENABLE_STRICT_OBJC_MSGSEND = YES;
				GCC_C_LANGUAGE_STANDARD = gnu99;
				GCC_NO_COMMON_BLOCKS = YES;
				GCC_WARN_64_TO_32_BIT_CONVERSION = YES;
				GCC_WARN_ABOUT_RETURN_TYPE = YES_ERROR;
				GCC_WARN_UNDECLARED_SELECTOR = YES;
				GCC_WARN_UNINITIALIZED_AUTOS = YES_AGGRESSIVE;
				GCC_WARN_UNUSED_FUNCTION = YES;
				GCC_WARN_UNUSED_VARIABLE = YES;
				MACOSX_DEPLOYMENT_TARGET = 10.12;
				MTL_ENABLE_DEBUG_INFO = NO;
				SDKROOT = macosx;
				SWIFT_OPTIMIZATION_LEVEL = "-Owholemodule";
			};
			name = Release;
		};
		83C882D31E24E32F003D5907 /* Debug */ = {
			isa = XCBuildConfiguration;
			buildSettings = {
				ASSETCATALOG_COMPILER_APPICON_NAME = AppIcon;
				COMBINE_HIDPI_IMAGES = YES;
				INFOPLIST_FILE = IndexSetWithTests/Info.plist;
				LD_RUNPATH_SEARCH_PATHS = "$(inherited) @executable_path/../Frameworks";
				MACOSX_DEPLOYMENT_TARGET = 10.11;
				PRODUCT_BUNDLE_IDENTIFIER = io.objcio.IndexSetWithTests;
				PRODUCT_NAME = "$(TARGET_NAME)";
				SWIFT_VERSION = 3.0;
			};
			name = Debug;
		};
		83C882D41E24E32F003D5907 /* Release */ = {
			isa = XCBuildConfiguration;
			buildSettings = {
				ASSETCATALOG_COMPILER_APPICON_NAME = AppIcon;
				COMBINE_HIDPI_IMAGES = YES;
				INFOPLIST_FILE = IndexSetWithTests/Info.plist;
				LD_RUNPATH_SEARCH_PATHS = "$(inherited) @executable_path/../Frameworks";
				MACOSX_DEPLOYMENT_TARGET = 10.11;
				PRODUCT_BUNDLE_IDENTIFIER = io.objcio.IndexSetWithTests;
				PRODUCT_NAME = "$(TARGET_NAME)";
				SWIFT_VERSION = 3.0;
			};
			name = Release;
		};
		83C882D61E24E32F003D5907 /* Debug */ = {
			isa = XCBuildConfiguration;
			buildSettings = {
				ALWAYS_EMBED_SWIFT_STANDARD_LIBRARIES = YES;
				BUNDLE_LOADER = "$(TEST_HOST)";
				COMBINE_HIDPI_IMAGES = YES;
				INFOPLIST_FILE = IndexSetWithTestsTests/Info.plist;
				LD_RUNPATH_SEARCH_PATHS = "$(inherited) @executable_path/../Frameworks @loader_path/../Frameworks";
				PRODUCT_BUNDLE_IDENTIFIER = io.objcio.IndexSetWithTestsTests;
				PRODUCT_NAME = "$(TARGET_NAME)";
				SWIFT_VERSION = 3.0;
				TEST_HOST = "$(BUILT_PRODUCTS_DIR)/IndexSetWithTests.app/Contents/MacOS/IndexSetWithTests";
			};
			name = Debug;
		};
		83C882D71E24E32F003D5907 /* Release */ = {
			isa = XCBuildConfiguration;
			buildSettings = {
				ALWAYS_EMBED_SWIFT_STANDARD_LIBRARIES = YES;
				BUNDLE_LOADER = "$(TEST_HOST)";
				COMBINE_HIDPI_IMAGES = YES;
				INFOPLIST_FILE = IndexSetWithTestsTests/Info.plist;
				LD_RUNPATH_SEARCH_PATHS = "$(inherited) @executable_path/../Frameworks @loader_path/../Frameworks";
				PRODUCT_BUNDLE_IDENTIFIER = io.objcio.IndexSetWithTestsTests;
				PRODUCT_NAME = "$(TARGET_NAME)";
				SWIFT_VERSION = 3.0;
				TEST_HOST = "$(BUILT_PRODUCTS_DIR)/IndexSetWithTests.app/Contents/MacOS/IndexSetWithTests";
			};
			name = Release;
		};
/* End XCBuildConfiguration section */

/* Begin XCConfigurationList section */
		83C882B51E24E32F003D5907 /* Build configuration list for PBXProject "IndexSetWithTests" */ = {
			isa = XCConfigurationList;
			buildConfigurations = (
				83C882D01E24E32F003D5907 /* Debug */,
				83C882D11E24E32F003D5907 /* Release */,
			);
			defaultConfigurationIsVisible = 0;
			defaultConfigurationName = Release;
		};
		83C882D21E24E32F003D5907 /* Build configuration list for PBXNativeTarget "IndexSetWithTests" */ = {
			isa = XCConfigurationList;
			buildConfigurations = (
				83C882D31E24E32F003D5907 /* Debug */,
				83C882D41E24E32F003D5907 /* Release */,
			);
			defaultConfigurationIsVisible = 0;
			defaultConfigurationName = Release;
		};
		83C882D51E24E32F003D5907 /* Build configuration list for PBXNativeTarget "IndexSetWithTestsTests" */ = {
			isa = XCConfigurationList;
			buildConfigurations = (
				83C882D61E24E32F003D5907 /* Debug */,
				83C882D71E24E32F003D5907 /* Release */,
			);
			defaultConfigurationIsVisible = 0;
			defaultConfigurationName = Release;
		};
/* End XCConfigurationList section */
	};
	rootObject = 83C882B21E24E32F003D5907 /* Project object */;
}
